
Microsoft Visual Studio Solution File, Format Version 12.00
# Visual Studio Version 16
VisualStudioVersion = 16.0.31424.327
MinimumVisualStudioVersion = 10.0.40219.1
Project("{8BC9CEB8-8B4A-11D0-8D11-00A0C91BC942}") = "RingBuffer", "RingBuffer.vcxproj", "{E06AF325-E5B1-4662-B265-B051226400A6}"
EndProject
Global
	GlobalSection(SolutionConfigurationPlatforms) = preSolution
		Debug|x64 = Debug|x64
		Debug|x86 = Debug|x86
		Release|x64 = Release|x64
		Release|x86 = Release|x86
	EndGlobalSection
	GlobalSection(ProjectConfigurationPlatforms) = postSolution
		{E06AF325-E5B1-4662-B265-B051226400A6}.Debug|x64.ActiveCfg = Debug|x64
		{E06AF325-E5B1-4662-B265-B051226400A6}.Debug|x64.Build.0 = Debug|x64
		{E06AF325-E5B1-4662-B265-B051226400A6}.Debug|x86.ActiveCfg = Debug|Win32
		{E06AF325-E5B1-4662-B265-B051226400A6}.Debug|x86.Build.0 = Debug|Win32
		{E06AF325-E5B1-4662-B265-B051226400A6}.Release|x64.ActiveCfg = Release|x64
		{E06AF325-E5B1-4662-B265-B051226400A6}.Release|x64.Build.0 = Release|x64
		{E06AF325-E5B1-4662-B265-B051226400A6}.Release|x86.ActiveCfg = Release|Win32
		{E06AF325-E5B1-4662-B265-B051226400A6}.Release|x86.Build.0 = Release|Win32
	EndGlobalSection
	GlobalSection(SolutionProperties) = preSolution
		HideSolutionNode = FALSE
	EndGlobalSection
	GlobalSection(ExtensibilityGlobals) = postSolution
		SolutionGuid = {C568ECB9-F6A4-4E5A-A55D-A716928C5D6B}
	EndGlobalSection
EndGlobal
